
Microsoft Visual Studio Solution File, Format Version 12.00
Project("{2150E333-8FDC-42A3-9474-1A3956D46DE8}") = "src", "src", "{121B1172-6F7E-4BED-A8CA-7E03EA94D38B}"
EndProject
Project("{2150E333-8FDC-42A3-9474-1A3956D46DE8}") = "Avito", "Avito", "{6CEF3423-2955-44EC-BB2D-819BE1552ED9}"
EndProject
Project("{2150E333-8FDC-42A3-9474-1A3956D46DE8}") = "Hosts", "Hosts", "{51909454-2B7F-45AD-B7E7-B3986674775F}"
EndProject
Project("{FAE04EC0-301F-11D3-BF4B-00C04F79EFBC}") = "Avito.Api", "src\Avito\Hosts\Avito.Api\Avito.Api.csproj", "{020DEC3A-146C-4B69-81B0-FBCB5DB8E237}"
EndProject
Project("{2150E333-8FDC-42A3-9474-1A3956D46DE8}") = "Contracts", "Contracts", "{43BFB858-934C-462B-BE3C-8EBA0FC0366D}"
EndProject
Project("{FAE04EC0-301F-11D3-BF4B-00C04F79EFBC}") = "Avito.Contracts", "src\Avito\Contracts\Avito.Contracts\Avito.Contracts.csproj", "{623F0C07-C8B0-49F8-9421-52A0C2D2C66D}"
EndProject
Project("{2150E333-8FDC-42A3-9474-1A3956D46DE8}") = "Domain", "Domain", "{65C7F9BC-0D5E-4010-A293-3DF97A6F349A}"
EndProject
Project("{FAE04EC0-301F-11D3-BF4B-00C04F79EFBC}") = "Avito.Domain", "src\Avito\Domain\Avito.Domain\Avito.Domain.csproj", "{83C01E97-1B3A-4D99-A627-1EA1C8FC4589}"
EndProject
Project("{2150E333-8FDC-42A3-9474-1A3956D46DE8}") = "Infrastructure", "Infrastructure", "{076F7220-BEFF-4498-AE89-ADBD19DCF3D3}"
EndProject
Project("{FAE04EC0-301F-11D3-BF4B-00C04F79EFBC}") = "Avito.DataAccess", "src\Avito\Infrastructure\Avito.DataAccess\Avito.DataAccess.csproj", "{ECA45D57-A226-444C-97BB-5175C1D8145F}"
EndProject
Project("{FAE04EC0-301F-11D3-BF4B-00C04F79EFBC}") = "Avito.Registrar", "src\Avito\Infrastructure\Avito.Registrar\Avito.Registrar.csproj", "{CBDC3C78-F35E-40CB-9C86-AD9090CD6FC8}"
EndProject
Project("{FAE04EC0-301F-11D3-BF4B-00C04F79EFBC}") = "Migrations", "src\Avito\Hosts\Migrations\Migrations\Migrations.csproj", "{11907A4C-ACA4-4169-958C-A8EC58DBE994}"
EndProject
Project("{FAE04EC0-301F-11D3-BF4B-00C04F79EFBC}") = "Avito.Infrastructure", "src\Avito\Infrastructure\Avito.Infrastructure\Avito.Infrastructure.csproj", "{162F07F5-BD57-4751-A1D2-0674FBF49C4F}"
EndProject
Project("{2150E333-8FDC-42A3-9474-1A3956D46DE8}") = "Application", "Application", "{C6C9F097-4456-419C-9DED-449447646AF0}"
EndProject
Project("{FAE04EC0-301F-11D3-BF4B-00C04F79EFBC}") = "Avito.AppServices", "src\Avito\Application\Avito.AppServices\Avito.AppServices.csproj", "{4ED64A09-CB9F-4981-874B-6822F939F0C2}"
EndProject
Global
	GlobalSection(SolutionConfigurationPlatforms) = preSolution
		Debug|Any CPU = Debug|Any CPU
		Release|Any CPU = Release|Any CPU
	EndGlobalSection
	GlobalSection(NestedProjects) = preSolution
		{6CEF3423-2955-44EC-BB2D-819BE1552ED9} = {121B1172-6F7E-4BED-A8CA-7E03EA94D38B}
		{51909454-2B7F-45AD-B7E7-B3986674775F} = {6CEF3423-2955-44EC-BB2D-819BE1552ED9}
		{020DEC3A-146C-4B69-81B0-FBCB5DB8E237} = {51909454-2B7F-45AD-B7E7-B3986674775F}
		{43BFB858-934C-462B-BE3C-8EBA0FC0366D} = {6CEF3423-2955-44EC-BB2D-819BE1552ED9}
		{623F0C07-C8B0-49F8-9421-52A0C2D2C66D} = {43BFB858-934C-462B-BE3C-8EBA0FC0366D}
		{65C7F9BC-0D5E-4010-A293-3DF97A6F349A} = {6CEF3423-2955-44EC-BB2D-819BE1552ED9}
		{83C01E97-1B3A-4D99-A627-1EA1C8FC4589} = {65C7F9BC-0D5E-4010-A293-3DF97A6F349A}
		{076F7220-BEFF-4498-AE89-ADBD19DCF3D3} = {6CEF3423-2955-44EC-BB2D-819BE1552ED9}
		{ECA45D57-A226-444C-97BB-5175C1D8145F} = {076F7220-BEFF-4498-AE89-ADBD19DCF3D3}
		{CBDC3C78-F35E-40CB-9C86-AD9090CD6FC8} = {076F7220-BEFF-4498-AE89-ADBD19DCF3D3}
		{11907A4C-ACA4-4169-958C-A8EC58DBE994} = {076F7220-BEFF-4498-AE89-ADBD19DCF3D3}
		{162F07F5-BD57-4751-A1D2-0674FBF49C4F} = {076F7220-BEFF-4498-AE89-ADBD19DCF3D3}
		{C6C9F097-4456-419C-9DED-449447646AF0} = {6CEF3423-2955-44EC-BB2D-819BE1552ED9}
		{4ED64A09-CB9F-4981-874B-6822F939F0C2} = {C6C9F097-4456-419C-9DED-449447646AF0}
	EndGlobalSection
	GlobalSection(ProjectConfigurationPlatforms) = postSolution
		{020DEC3A-146C-4B69-81B0-FBCB5DB8E237}.Debug|Any CPU.ActiveCfg = Debug|Any CPU
		{020DEC3A-146C-4B69-81B0-FBCB5DB8E237}.Debug|Any CPU.Build.0 = Debug|Any CPU
		{020DEC3A-146C-4B69-81B0-FBCB5DB8E237}.Release|Any CPU.ActiveCfg = Release|Any CPU
		{020DEC3A-146C-4B69-81B0-FBCB5DB8E237}.Release|Any CPU.Build.0 = Release|Any CPU
		{623F0C07-C8B0-49F8-9421-52A0C2D2C66D}.Debug|Any CPU.ActiveCfg = Debug|Any CPU
		{623F0C07-C8B0-49F8-9421-52A0C2D2C66D}.Debug|Any CPU.Build.0 = Debug|Any CPU
		{623F0C07-C8B0-49F8-9421-52A0C2D2C66D}.Release|Any CPU.ActiveCfg = Release|Any CPU
		{623F0C07-C8B0-49F8-9421-52A0C2D2C66D}.Release|Any CPU.Build.0 = Release|Any CPU
		{83C01E97-1B3A-4D99-A627-1EA1C8FC4589}.Debug|Any CPU.ActiveCfg = Debug|Any CPU
		{83C01E97-1B3A-4D99-A627-1EA1C8FC4589}.Debug|Any CPU.Build.0 = Debug|Any CPU
		{83C01E97-1B3A-4D99-A627-1EA1C8FC4589}.Release|Any CPU.ActiveCfg = Release|Any CPU
		{83C01E97-1B3A-4D99-A627-1EA1C8FC4589}.Release|Any CPU.Build.0 = Release|Any CPU
		{ECA45D57-A226-444C-97BB-5175C1D8145F}.Debug|Any CPU.ActiveCfg = Debug|Any CPU
		{ECA45D57-A226-444C-97BB-5175C1D8145F}.Debug|Any CPU.Build.0 = Debug|Any CPU
		{ECA45D57-A226-444C-97BB-5175C1D8145F}.Release|Any CPU.ActiveCfg = Release|Any CPU
		{ECA45D57-A226-444C-97BB-5175C1D8145F}.Release|Any CPU.Build.0 = Release|Any CPU
		{CBDC3C78-F35E-40CB-9C86-AD9090CD6FC8}.Debug|Any CPU.ActiveCfg = Debug|Any CPU
		{CBDC3C78-F35E-40CB-9C86-AD9090CD6FC8}.Debug|Any CPU.Build.0 = Debug|Any CPU
		{CBDC3C78-F35E-40CB-9C86-AD9090CD6FC8}.Release|Any CPU.ActiveCfg = Release|Any CPU
		{CBDC3C78-F35E-40CB-9C86-AD9090CD6FC8}.Release|Any CPU.Build.0 = Release|Any CPU
		{11907A4C-ACA4-4169-958C-A8EC58DBE994}.Debug|Any CPU.ActiveCfg = Debug|Any CPU
		{11907A4C-ACA4-4169-958C-A8EC58DBE994}.Debug|Any CPU.Build.0 = Debug|Any CPU
		{11907A4C-ACA4-4169-958C-A8EC58DBE994}.Release|Any CPU.ActiveCfg = Release|Any CPU
		{11907A4C-ACA4-4169-958C-A8EC58DBE994}.Release|Any CPU.Build.0 = Release|Any CPU
		{162F07F5-BD57-4751-A1D2-0674FBF49C4F}.Debug|Any CPU.ActiveCfg = Debug|Any CPU
		{162F07F5-BD57-4751-A1D2-0674FBF49C4F}.Debug|Any CPU.Build.0 = Debug|Any CPU
		{162F07F5-BD57-4751-A1D2-0674FBF49C4F}.Release|Any CPU.ActiveCfg = Release|Any CPU
		{162F07F5-BD57-4751-A1D2-0674FBF49C4F}.Release|Any CPU.Build.0 = Release|Any CPU
		{4ED64A09-CB9F-4981-874B-6822F939F0C2}.Debug|Any CPU.ActiveCfg = Debug|Any CPU
		{4ED64A09-CB9F-4981-874B-6822F939F0C2}.Debug|Any CPU.Build.0 = Debug|Any CPU
		{4ED64A09-CB9F-4981-874B-6822F939F0C2}.Release|Any CPU.ActiveCfg = Release|Any CPU
		{4ED64A09-CB9F-4981-874B-6822F939F0C2}.Release|Any CPU.Build.0 = Release|Any CPU
	EndGlobalSection
EndGlobal
